
Microsoft Visual Studio Solution File, Format Version 12.00
# Visual Studio 15
VisualStudioVersion = 15.0.28307.168
MinimumVisualStudioVersion = 10.0.40219.1
Project("{FAE04EC0-301F-11D3-BF4B-00C04F79EFBC}") = "DOM.Standard", "DOM.Standard\DOM.Standard.csproj", "{ED4DEE92-667A-428C-BEEF-03ECAADC6328}"
EndProject
Project("{FAE04EC0-301F-11D3-BF4B-00C04F79EFBC}") = "DOM.Experimental", "DOM.Experimental\DOM.Experimental.csproj", "{5B846C7D-3D48-4186-93EC-DC29666238DF}"
EndProject
Global
	GlobalSection(SolutionConfigurationPlatforms) = preSolution
		Debug|Any CPU = Debug|Any CPU
		Release|Any CPU = Release|Any CPU
	EndGlobalSection
	GlobalSection(ProjectConfigurationPlatforms) = postSolution
		{ED4DEE92-667A-428C-BEEF-03ECAADC6328}.Debug|Any CPU.ActiveCfg = Debug|Any CPU
		{ED4DEE92-667A-428C-BEEF-03ECAADC6328}.Debug|Any CPU.Build.0 = Debug|Any CPU
		{ED4DEE92-667A-428C-BEEF-03ECAADC6328}.Release|Any CPU.ActiveCfg = Release|Any CPU
		{ED4DEE92-667A-428C-BEEF-03ECAADC6328}.Release|Any CPU.Build.0 = Release|Any CPU
		{5B846C7D-3D48-4186-93EC-DC29666238DF}.Debug|Any CPU.ActiveCfg = Debug|Any CPU
		{5B846C7D-3D48-4186-93EC-DC29666238DF}.Debug|Any CPU.Build.0 = Debug|Any CPU
		{5B846C7D-3D48-4186-93EC-DC29666238DF}.Release|Any CPU.ActiveCfg = Release|Any CPU
		{5B846C7D-3D48-4186-93EC-DC29666238DF}.Release|Any CPU.Build.0 = Release|Any CPU
	EndGlobalSection
	GlobalSection(SolutionProperties) = preSolution
		HideSolutionNode = FALSE
	EndGlobalSection
	GlobalSection(ExtensibilityGlobals) = postSolution
		SolutionGuid = {29D484CB-8EAF-4272-9F58-3E411F471E84}
	EndGlobalSection
EndGlobal
