
Microsoft Visual Studio Solution File, Format Version 12.00
# Visual Studio Version 16
VisualStudioVersion = 16.0.28917.181
MinimumVisualStudioVersion = 10.0.40219.1
Project("{9A19103F-16F7-4668-BE54-9A1E7A4F7556}") = "DOM.NET", "src\DOM.NET.csproj", "{ED4DEE92-667A-428C-BEEF-03ECAADC6328}"
EndProject
Project("{2150E333-8FDC-42A3-9474-1A3956D46DE8}") = "Solution Items", "Solution Items", "{D8EAEC6F-9191-432B-9243-C30694C073F9}"
	ProjectSection(SolutionItems) = preProject
		js\DocumentApi.js = js\DocumentApi.js
		js\EventTargetApi.js = js\EventTargetApi.js
		js\WindowApi.js = js\WindowApi.js
	EndProjectSection
EndProject
Global
	GlobalSection(SolutionConfigurationPlatforms) = preSolution
		Debug|Any CPU = Debug|Any CPU
		Release|Any CPU = Release|Any CPU
	EndGlobalSection
	GlobalSection(ProjectConfigurationPlatforms) = postSolution
		{ED4DEE92-667A-428C-BEEF-03ECAADC6328}.Debug|Any CPU.ActiveCfg = Debug|Any CPU
		{ED4DEE92-667A-428C-BEEF-03ECAADC6328}.Debug|Any CPU.Build.0 = Debug|Any CPU
		{ED4DEE92-667A-428C-BEEF-03ECAADC6328}.Release|Any CPU.ActiveCfg = Release|Any CPU
		{ED4DEE92-667A-428C-BEEF-03ECAADC6328}.Release|Any CPU.Build.0 = Release|Any CPU
	EndGlobalSection
	GlobalSection(SolutionProperties) = preSolution
		HideSolutionNode = FALSE
	EndGlobalSection
	GlobalSection(ExtensibilityGlobals) = postSolution
		SolutionGuid = {29D484CB-8EAF-4272-9F58-3E411F471E84}
	EndGlobalSection
EndGlobal
